
Microsoft Visual Studio Solution File, Format Version 12.00
# Visual Studio Version 17
VisualStudioVersion = 17.14.36616.10 d17.14
MinimumVisualStudioVersion = 10.0.40219.1
Project("{FAE04EC0-301F-11D3-BF4B-00C04F79EFBC}") = "WalletPropertyTesting", "WalletPropertyTesting.csproj", "{6FB32B11-7799-48D2-B9B1-3081C9A71860}"
EndProject
Global
	GlobalSection(SolutionConfigurationPlatforms) = preSolution
		Debug|Any CPU = Debug|Any CPU
		Release|Any CPU = Release|Any CPU
	EndGlobalSection
	GlobalSection(ProjectConfigurationPlatforms) = postSolution
		{6FB32B11-7799-48D2-B9B1-3081C9A71860}.Debug|Any CPU.ActiveCfg = Debug|Any CPU
		{6FB32B11-7799-48D2-B9B1-3081C9A71860}.Debug|Any CPU.Build.0 = Debug|Any CPU
		{6FB32B11-7799-48D2-B9B1-3081C9A71860}.Release|Any CPU.ActiveCfg = Release|Any CPU
		{6FB32B11-7799-48D2-B9B1-3081C9A71860}.Release|Any CPU.Build.0 = Release|Any CPU
	EndGlobalSection
	GlobalSection(SolutionProperties) = preSolution
		HideSolutionNode = FALSE
	EndGlobalSection
	GlobalSection(ExtensibilityGlobals) = postSolution
		SolutionGuid = {49501B9F-912C-49DA-AAEB-5CCE4F928185}
	EndGlobalSection
EndGlobal
